
Microsoft Visual Studio Solution File, Format Version 12.00
# Visual Studio Version 17
VisualStudioVersion = 17.10.35122.118
MinimumVisualStudioVersion = 10.0.40219.1
Project("{8BC9CEB8-8B4A-11D0-8D11-00A0C91BC942}") = "cudapathtracer", "cudapathtracer.vcxproj", "{3A5B1E21-C4D3-48E5-9E68-DD26C873353F}"
EndProject
Global
	GlobalSection(SolutionConfigurationPlatforms) = preSolution
		Debug|x64 = Debug|x64
		Release|x64 = Release|x64
	EndGlobalSection
	GlobalSection(ProjectConfigurationPlatforms) = postSolution
		{3A5B1E21-C4D3-48E5-9E68-DD26C873353F}.Debug|x64.ActiveCfg = Debug|x64
		{3A5B1E21-C4D3-48E5-9E68-DD26C873353F}.Debug|x64.Build.0 = Debug|x64
		{3A5B1E21-C4D3-48E5-9E68-DD26C873353F}.Release|x64.ActiveCfg = Release|x64
		{3A5B1E21-C4D3-48E5-9E68-DD26C873353F}.Release|x64.Build.0 = Release|x64
	EndGlobalSection
	GlobalSection(SolutionProperties) = preSolution
		HideSolutionNode = FALSE
	EndGlobalSection
	GlobalSection(ExtensibilityGlobals) = postSolution
		SolutionGuid = {9D0011A1-F360-44BB-A0CD-ECEF7EE8DEC8}
	EndGlobalSection
EndGlobal
